// !$*UTF8*$!
{
	archiveVersion = 1;
	classes = {
	};
	objectVersion = 46;
	objects = {

/* Begin PBXBuildFile section */
		CE8120461D5C963400CA4A86 /* AppDelegate.swift in Sources */ = {isa = PBXBuildFile; fileRef = CE8120451D5C963400CA4A86 /* AppDelegate.swift */; };
		CE8120481D5C963400CA4A86 /* ViewController.swift in Sources */ = {isa = PBXBuildFile; fileRef = CE8120471D5C963400CA4A86 /* ViewController.swift */; };
		CE81204B1D5C963400CA4A86 /* Main.storyboard in Resources */ = {isa = PBXBuildFile; fileRef = CE8120491D5C963400CA4A86 /* Main.storyboard */; };
		CE81204D1D5C963400CA4A86 /* Assets.xcassets in Resources */ = {isa = PBXBuildFile; fileRef = CE81204C1D5C963400CA4A86 /* Assets.xcassets */; };
		CE8120501D5C963400CA4A86 /* LaunchScreen.storyboard in Resources */ = {isa = PBXBuildFile; fileRef = CE81204E1D5C963400CA4A86 /* LaunchScreen.storyboard */; };
		CE81205B1D5C963500CA4A86 /* _8122TestUITests.swift in Sources */ = {isa = PBXBuildFile; fileRef = CE81205A1D5C963500CA4A86 /* _8122TestUITests.swift */; };
/* End PBXBuildFile section */

/* Begin PBXContainerItemProxy section */
		CE8120571D5C963400CA4A86 /* PBXContainerItemProxy */ = {
			isa = PBXContainerItemProxy;
			containerPortal = CE81203A1D5C963400CA4A86 /* Project object */;
			proxyType = 1;
			remoteGlobalIDString = CE8120411D5C963400CA4A86;
			remoteInfo = 08122Test;
		};
/* End PBXContainerItemProxy section */

/* Begin PBXFileReference section */
		CE8120421D5C963400CA4A86 /* 08122Test.app */ = {isa = PBXFileReference; explicitFileType = wrapper.application; includeInIndex = 0; path = 08122Test.app; sourceTree = BUILT_PRODUCTS_DIR; };
		CE8120451D5C963400CA4A86 /* AppDelegate.swift */ = {isa = PBXFileReference; lastKnownFileType = sourcecode.swift; path = AppDelegate.swift; sourceTree = "<group>"; };
		CE8120471D5C963400CA4A86 /* ViewController.swift */ = {isa = PBXFileReference; lastKnownFileType = sourcecode.swift; path = ViewController.swift; sourceTree = "<group>"; };
		CE81204A1D5C963400CA4A86 /* Base */ = {isa = PBXFileReference; lastKnownFileType = file.storyboard; name = Base; path = Base.lproj/Main.storyboard; sourceTree = "<group>"; };
		CE81204C1D5C963400CA4A86 /* Assets.xcassets */ = {isa = PBXFileReference; lastKnownFileType = folder.assetcatalog; path = Assets.xcassets; sourceTree = "<group>"; };
		CE81204F1D5C963400CA4A86 /* Base */ = {isa = PBXFileReference; lastKnownFileType = file.storyboard; name = Base; path = Base.lproj/LaunchScreen.storyboard; sourceTree = "<group>"; };
		CE8120511D5C963400CA4A86 /* Info.plist */ = {isa = PBXFileReference; lastKnownFileType = text.plist.xml; path = Info.plist; sourceTree = "<group>"; };
		CE8120561D5C963400CA4A86 /* 08122TestUITests.xctest */ = {isa = PBXFileReference; explicitFileType = wrapper.cfbundle; includeInIndex = 0; path = 08122TestUITests.xctest; sourceTree = BUILT_PRODUCTS_DIR; };
		CE81205A1D5C963500CA4A86 /* _8122TestUITests.swift */ = {isa = PBXFileReference; lastKnownFileType = sourcecode.swift; path = _8122TestUITests.swift; sourceTree = "<group>"; };
		CE81205C1D5C963500CA4A86 /* Info.plist */ = {isa = PBXFileReference; lastKnownFileType = text.plist.xml; path = Info.plist; sourceTree = "<group>"; };
/* End PBXFileReference section */

/* Begin PBXFrameworksBuildPhase section */
		CE81203F1D5C963400CA4A86 /* Frameworks */ = {
			isa = PBXFrameworksBuildPhase;
			buildActionMask = 2147483647;
			files = (
			);
			runOnlyForDeploymentPostprocessing = 0;
		};
		CE8120531D5C963400CA4A86 /* Frameworks */ = {
			isa = PBXFrameworksBuildPhase;
			buildActionMask = 2147483647;
			files = (
			);
			runOnlyForDeploymentPostprocessing = 0;
		};
/* End PBXFrameworksBuildPhase section */

/* Begin PBXGroup section */
		CE8120391D5C963400CA4A86 = {
			isa = PBXGroup;
			children = (
				CE8120441D5C963400CA4A86 /* 08122Test */,
				CE8120591D5C963400CA4A86 /* 08122TestUITests */,
				CE8120431D5C963400CA4A86 /* Products */,
			);
			sourceTree = "<group>";
		};
		CE8120431D5C963400CA4A86 /* Products */ = {
			isa = PBXGroup;
			children = (
				CE8120421D5C963400CA4A86 /* 08122Test.app */,
				CE8120561D5C963400CA4A86 /* 08122TestUITests.xctest */,
			);
			name = Products;
			sourceTree = "<group>";
		};
		CE8120441D5C963400CA4A86 /* 08122Test */ = {
			isa = PBXGroup;
			children = (
				CE8120451D5C963400CA4A86 /* AppDelegate.swift */,
				CE8120471D5C963400CA4A86 /* ViewController.swift */,
				CE8120491D5C963400CA4A86 /* Main.storyboard */,
				CE81204C1D5C963400CA4A86 /* Assets.xcassets */,
				CE81204E1D5C963400CA4A86 /* LaunchScreen.storyboard */,
				CE8120511D5C963400CA4A86 /* Info.plist */,
			);
			path = 08122Test;
			sourceTree = "<group>";
		};
		CE8120591D5C963400CA4A86 /* 08122TestUITests */ = {
			isa = PBXGroup;
			children = (
				CE81205A1D5C963500CA4A86 /* _8122TestUITests.swift */,
				CE81205C1D5C963500CA4A86 /* Info.plist */,
			);
			path = 08122TestUITests;
			sourceTree = "<group>";
		};
/* End PBXGroup section */

/* Begin PBXNativeTarget section */
		CE8120411D5C963400CA4A86 /* 08122Test */ = {
			isa = PBXNativeTarget;
			buildConfigurationList = CE81205F1D5C963500CA4A86 /* Build configuration list for PBXNativeTarget "08122Test" */;
			buildPhases = (
				CE81203E1D5C963400CA4A86 /* Sources */,
				CE81203F1D5C963400CA4A86 /* Frameworks */,
				CE8120401D5C963400CA4A86 /* Resources */,
			);
			buildRules = (
			);
			dependencies = (
			);
			name = 08122Test;
			productName = 08122Test;
			productReference = CE8120421D5C963400CA4A86 /* 08122Test.app */;
			productType = "com.apple.product-type.application";
		};
		CE8120551D5C963400CA4A86 /* 08122TestUITests */ = {
			isa = PBXNativeTarget;
			buildConfigurationList = CE8120621D5C963500CA4A86 /* Build configuration list for PBXNativeTarget "08122TestUITests" */;
			buildPhases = (
				CE8120521D5C963400CA4A86 /* Sources */,
				CE8120531D5C963400CA4A86 /* Frameworks */,
				CE8120541D5C963400CA4A86 /* Resources */,
			);
			buildRules = (
			);
			dependencies = (
				CE8120581D5C963400CA4A86 /* PBXTargetDependency */,
			);
			name = 08122TestUITests;
			productName = 08122TestUITests;
			productReference = CE8120561D5C963400CA4A86 /* 08122TestUITests.xctest */;
			productType = "com.apple.product-type.bundle.ui-testing";
		};
/* End PBXNativeTarget section */

/* Begin PBXProject section */
		CE81203A1D5C963400CA4A86 /* Project object */ = {
			isa = PBXProject;
			attributes = {
				LastSwiftUpdateCheck = 0730;
				LastUpgradeCheck = 0730;
				ORGANIZATIONNAME = miwu;
				TargetAttributes = {
					CE8120411D5C963400CA4A86 = {
						CreatedOnToolsVersion = 7.3.1;
					};
					CE8120551D5C963400CA4A86 = {
						CreatedOnToolsVersion = 7.3.1;
						TestTargetID = CE8120411D5C963400CA4A86;
					};
				};
			};
			buildConfigurationList = CE81203D1D5C963400CA4A86 /* Build configuration list for PBXProject "08122Test" */;
			compatibilityVersion = "Xcode 3.2";
			developmentRegion = English;
			hasScannedForEncodings = 0;
			knownRegions = (
				en,
				Base,
			);
			mainGroup = CE8120391D5C963400CA4A86;
			productRefGroup = CE8120431D5C963400CA4A86 /* Products */;
			projectDirPath = "";
			projectRoot = "";
			targets = (
				CE8120411D5C963400CA4A86 /* 08122Test */,
				CE8120551D5C963400CA4A86 /* 08122TestUITests */,
			);
		};
/* End PBXProject section */

/* Begin PBXResourcesBuildPhase section */
		CE8120401D5C963400CA4A86 /* Resources */ = {
			isa = PBXResourcesBuildPhase;
			buildActionMask = 2147483647;
			files = (
				CE8120501D5C963400CA4A86 /* LaunchScreen.storyboard in Resources */,
				CE81204D1D5C963400CA4A86 /* Assets.xcassets in Resources */,
				CE81204B1D5C963400CA4A86 /* Main.storyboard in Resources */,
			);
			runOnlyForDeploymentPostprocessing = 0;
		};
		CE8120541D5C963400CA4A86 /* Resources */ = {
			isa = PBXResourcesBuildPhase;
			buildActionMask = 2147483647;
			files = (
			);
			runOnlyForDeploymentPostprocessing = 0;
		};
/* End PBXResourcesBuildPhase section */

/* Begin PBXSourcesBuildPhase section */
		CE81203E1D5C963400CA4A86 /* Sources */ = {
			isa = PBXSourcesBuildPhase;
			buildActionMask = 2147483647;
			files = (
				CE8120481D5C963400CA4A86 /* ViewController.swift in Sources */,
				CE8120461D5C963400CA4A86 /* AppDelegate.swift in Sources */,
			);
			runOnlyForDeploymentPostprocessing = 0;
		};
		CE8120521D5C963400CA4A86 /* Sources */ = {
			isa = PBXSourcesBuildPhase;
			buildActionMask = 2147483647;
			files = (
				CE81205B1D5C963500CA4A86 /* _8122TestUITests.swift in Sources */,
			);
			runOnlyForDeploymentPostprocessing = 0;
		};
/* End PBXSourcesBuildPhase section */

/* Begin PBXTargetDependency section */
		CE8120581D5C963400CA4A86 /* PBXTargetDependency */ = {
			isa = PBXTargetDependency;
			target = CE8120411D5C963400CA4A86 /* 08122Test */;
			targetProxy = CE8120571D5C963400CA4A86 /* PBXContainerItemProxy */;
		};
/* End PBXTargetDependency section */

/* Begin PBXVariantGroup section */
		CE8120491D5C963400CA4A86 /* Main.storyboard */ = {
			isa = PBXVariantGroup;
			children = (
				CE81204A1D5C963400CA4A86 /* Base */,
			);
			name = Main.storyboard;
			sourceTree = "<group>";
		};
		CE81204E1D5C963400CA4A86 /* LaunchScreen.storyboard */ = {
			isa = PBXVariantGroup;
			children = (
				CE81204F1D5C963400CA4A86 /* Base */,
			);
			name = LaunchScreen.storyboard;
			sourceTree = "<group>";
		};
/* End PBXVariantGroup section */

/* Begin XCBuildConfiguration section */
		CE81205D1D5C963500CA4A86 /* Debug */ = {
			isa = XCBuildConfiguration;
			buildSettings = {
				ALWAYS_SEARCH_USER_PATHS = NO;
				CLANG_ANALYZER_NONNULL = YES;
				CLANG_CXX_LANGUAGE_STANDARD = "gnu++0x";
				CLANG_CXX_LIBRARY = "libc++";
				CLANG_ENABLE_MODULES = YES;
				CLANG_ENABLE_OBJC_ARC = YES;
				CLANG_WARN_BOOL_CONVERSION = YES;
				CLANG_WARN_CONSTANT_CONVERSION = YES;
				CLANG_WARN_DIRECT_OBJC_ISA_USAGE = YES_ERROR;
				CLANG_WARN_EMPTY_BODY = YES;
				CLANG_WARN_ENUM_CONVERSION = YES;
				CLANG_WARN_INT_CONVERSION = YES;
				CLANG_WARN_OBJC_ROOT_CLASS = YES_ERROR;
				CLANG_WARN_UNREACHABLE_CODE = YES;
				CLANG_WARN__DUPLICATE_METHOD_MATCH = YES;
				"CODE_SIGN_IDENTITY[sdk=iphoneos*]" = "iPhone Developer";
				COPY_PHASE_STRIP = NO;
				DEBUG_INFORMATION_FORMAT = dwarf;
				ENABLE_STRICT_OBJC_MSGSEND = YES;
				ENABLE_TESTABILITY = YES;
				GCC_C_LANGUAGE_STANDARD = gnu99;
				GCC_DYNAMIC_NO_PIC = NO;
				GCC_NO_COMMON_BLOCKS = YES;
				GCC_OPTIMIZATION_LEVEL = 0;
				GCC_PREPROCESSOR_DEFINITIONS = (
					"DEBUG=1",
					"$(inherited)",
				);
				GCC_WARN_64_TO_32_BIT_CONVERSION = YES;
				GCC_WARN_ABOUT_RETURN_TYPE = YES_ERROR;
				GCC_WARN_UNDECLARED_SELECTOR = YES;
				GCC_WARN_UNINITIALIZED_AUTOS = YES_AGGRESSIVE;
				GCC_WARN_UNUSED_FUNCTION = YES;
				GCC_WARN_UNUSED_VARIABLE = YES;
				IPHONEOS_DEPLOYMENT_TARGET = 9.3;
				MTL_ENABLE_DEBUG_INFO = YES;
				ONLY_ACTIVE_ARCH = YES;
				SDKROOT = iphoneos;
				SWIFT_OPTIMIZATION_LEVEL = "-Onone";
				TARGETED_DEVICE_FAMILY = "1,2";
			};
			name = Debug;
		};
		CE81205E1D5C963500CA4A86 /* Release */ = {
			isa = XCBuildConfiguration;
			buildSettings = {
				ALWAYS_SEARCH_USER_PATHS = NO;
				CLANG_ANALYZER_NONNULL = YES;
				CLANG_CXX_LANGUAGE_STANDARD = "gnu++0x";
				CLANG_CXX_LIBRARY = "libc++";
				CLANG_ENABLE_MODULES = YES;
				CLANG_ENABLE_OBJC_ARC = YES;
				CLANG_WARN_BOOL_CONVERSION = YES;
				CLANG_WARN_CONSTANT_CONVERSION = YES;
				CLANG_WARN_DIRECT_OBJC_ISA_USAGE = YES_ERROR;
				CLANG_WARN_EMPTY_BODY = YES;
				CLANG_WARN_ENUM_CONVERSION = YES;
				CLANG_WARN_INT_CONVERSION = YES;
				CLANG_WARN_OBJC_ROOT_CLASS = YES_ERROR;
				CLANG_WARN_UNREACHABLE_CODE = YES;
				CLANG_WARN__DUPLICATE_METHOD_MATCH = YES;
				"CODE_SIGN_IDENTITY[sdk=iphoneos*]" = "iPhone Developer";
				COPY_PHASE_STRIP = NO;
				DEBUG_INFORMATION_FORMAT = "dwarf-with-dsym";
				ENABLE_NS_ASSERTIONS = NO;
				ENABLE_STRICT_OBJC_MSGSEND = YES;
				GCC_C_LANGUAGE_STANDARD = gnu99;
				GCC_NO_COMMON_BLOCKS = YES;
				GCC_WARN_64_TO_32_BIT_CONVERSION = YES;
				GCC_WARN_ABOUT_RETURN_TYPE = YES_ERROR;
				GCC_WARN_UNDECLARED_SELECTOR = YES;
				GCC_WARN_UNINITIALIZED_AUTOS = YES_AGGRESSIVE;
				GCC_WARN_UNUSED_FUNCTION = YES;
				GCC_WARN_UNUSED_VARIABLE = YES;
				IPHONEOS_DEPLOYMENT_TARGET = 9.3;
				MTL_ENABLE_DEBUG_INFO = NO;
				SDKROOT = iphoneos;
				TARGETED_DEVICE_FAMILY = "1,2";
				VALIDATE_PRODUCT = YES;
			};
			name = Release;
		};
		CE8120601D5C963500CA4A86 /* Debug */ = {
			isa = XCBuildConfiguration;
			buildSettings = {
				ASSETCATALOG_COMPILER_APPICON_NAME = AppIcon;
				INFOPLIST_FILE = 08122Test/Info.plist;
				LD_RUNPATH_SEARCH_PATHS = "$(inherited) @executable_path/Frameworks";
				PRODUCT_BUNDLE_IDENTIFIER = "com.blemobi.-8122Test";
				PRODUCT_NAME = "$(TARGET_NAME)";
			};
			name = Debug;
		};
		CE8120611D5C963500CA4A86 /* Release */ = {
			isa = XCBuildConfiguration;
			buildSettings = {
				ASSETCATALOG_COMPILER_APPICON_NAME = AppIcon;
				INFOPLIST_FILE = 08122Test/Info.plist;
				LD_RUNPATH_SEARCH_PATHS = "$(inherited) @executable_path/Frameworks";
				PRODUCT_BUNDLE_IDENTIFIER = "com.blemobi.-8122Test";
				PRODUCT_NAME = "$(TARGET_NAME)";
			};
			name = Release;
		};
		CE8120631D5C963500CA4A86 /* Debug */ = {
			isa = XCBuildConfiguration;
			buildSettings = {
				INFOPLIST_FILE = 08122TestUITests/Info.plist;
				LD_RUNPATH_SEARCH_PATHS = "$(inherited) @executable_path/Frameworks @loader_path/Frameworks";
				PRODUCT_BUNDLE_IDENTIFIER = "com.blemobi.-8122TestUITests";
				PRODUCT_NAME = "$(TARGET_NAME)";
				TEST_TARGET_NAME = 08122Test;
			};
			name = Debug;
		};
		CE8120641D5C963500CA4A86 /* Release */ = {
			isa = XCBuildConfiguration;
			buildSettings = {
				INFOPLIST_FILE = 08122TestUITests/Info.plist;
				LD_RUNPATH_SEARCH_PATHS = "$(inherited) @executable_path/Frameworks @loader_path/Frameworks";
				PRODUCT_BUNDLE_IDENTIFIER = "com.blemobi.-8122TestUITests";
				PRODUCT_NAME = "$(TARGET_NAME)";
				TEST_TARGET_NAME = 08122Test;
			};
			name = Release;
		};
/* End XCBuildConfiguration section */

/* Begin XCConfigurationList section */
		CE81203D1D5C963400CA4A86 /* Build configuration list for PBXProject "08122Test" */ = {
			isa = XCConfigurationList;
			buildConfigurations = (
				CE81205D1D5C963500CA4A86 /* Debug */,
				CE81205E1D5C963500CA4A86 /* Release */,
			);
			defaultConfigurationIsVisible = 0;
			defaultConfigurationName = Release;
		};
		CE81205F1D5C963500CA4A86 /* Build configuration list for PBXNativeTarget "08122Test" */ = {
			isa = XCConfigurationList;
			buildConfigurations = (
				CE8120601D5C963500CA4A86 /* Debug */,
				CE8120611D5C963500CA4A86 /* Release */,
			);
			defaultConfigurationIsVisible = 0;
		};
		CE8120621D5C963500CA4A86 /* Build configuration list for PBXNativeTarget "08122TestUITests" */ = {
			isa = XCConfigurationList;
			buildConfigurations = (
				CE8120631D5C963500CA4A86 /* Debug */,
				CE8120641D5C963500CA4A86 /* Release */,
			);
			defaultConfigurationIsVisible = 0;
		};
/* End XCConfigurationList section */
	};
	rootObject = CE81203A1D5C963400CA4A86 /* Project object */;
}
