// !$*UTF8*$!
{
	archiveVersion = 1;
	classes = {
	};
	objectVersion = 46;
	objects = {

/* Begin PBXBuildFile section */
		1CA7373088B0309CE1602129 /* Pods_Redfatty.framework in Frameworks */ = {isa = PBXBuildFile; fileRef = C0AAFD0637642AE2F4EC1082 /* Pods_Redfatty.framework */; };
		CE244E761D5A2766000FF226 /* URLDefine.swift in Sources */ = {isa = PBXBuildFile; fileRef = CE244E751D5A2766000FF226 /* URLDefine.swift */; };
		CE3DB4D31D59EB9D007BF218 /* NetworkConst.swift in Sources */ = {isa = PBXBuildFile; fileRef = CE3DB4D21D59EB9D007BF218 /* NetworkConst.swift */; };
		CE3DB4D91D59F76B007BF218 /* Protobuf+Parse.swift in Sources */ = {isa = PBXBuildFile; fileRef = CE3DB4D81D59F76B007BF218 /* Protobuf+Parse.swift */; };
		CE6A065E1D5ABB2300D7DD9A /* BaseViewController.swift in Sources */ = {isa = PBXBuildFile; fileRef = CE6A065D1D5ABB2300D7DD9A /* BaseViewController.swift */; };
		CE6A06601D5ABB3400D7DD9A /* BaseView.swift in Sources */ = {isa = PBXBuildFile; fileRef = CE6A065F1D5ABB3400D7DD9A /* BaseView.swift */; };
		CE6A06621D5ABB5400D7DD9A /* BaseTableViewCell.swift in Sources */ = {isa = PBXBuildFile; fileRef = CE6A06611D5ABB5400D7DD9A /* BaseTableViewCell.swift */; };
		CE6A06661D5ABB9E00D7DD9A /* WeiboMainViewController.swift in Sources */ = {isa = PBXBuildFile; fileRef = CE6A06651D5ABB9E00D7DD9A /* WeiboMainViewController.swift */; };
		CE6A06681D5ABBAB00D7DD9A /* LoginMainViewController.swift in Sources */ = {isa = PBXBuildFile; fileRef = CE6A06671D5ABBAB00D7DD9A /* LoginMainViewController.swift */; };
		CE90C70A1D59664D00B984EC /* AppDelegate.swift in Sources */ = {isa = PBXBuildFile; fileRef = CE90C7091D59664D00B984EC /* AppDelegate.swift */; };
		CE90C70C1D59664D00B984EC /* ViewController.swift in Sources */ = {isa = PBXBuildFile; fileRef = CE90C70B1D59664D00B984EC /* ViewController.swift */; };
		CE90C70F1D59664D00B984EC /* Main.storyboard in Resources */ = {isa = PBXBuildFile; fileRef = CE90C70D1D59664D00B984EC /* Main.storyboard */; };
		CE90C7111D59664D00B984EC /* Assets.xcassets in Resources */ = {isa = PBXBuildFile; fileRef = CE90C7101D59664D00B984EC /* Assets.xcassets */; };
		CE90C7141D59664D00B984EC /* LaunchScreen.storyboard in Resources */ = {isa = PBXBuildFile; fileRef = CE90C7121D59664D00B984EC /* LaunchScreen.storyboard */; };
		CE90C71F1D59664D00B984EC /* RedfattyUITests.swift in Sources */ = {isa = PBXBuildFile; fileRef = CE90C71E1D59664D00B984EC /* RedfattyUITests.swift */; };
		CE90C74C1D59696F00B984EC /* Account.pbobjc.m in Sources */ = {isa = PBXBuildFile; fileRef = CE90C72B1D59696F00B984EC /* Account.pbobjc.m */; settings = {COMPILER_FLAGS = "-fno-objc-arc"; }; };
		CE90C74D1D59696F00B984EC /* Chat.pbobjc.m in Sources */ = {isa = PBXBuildFile; fileRef = CE90C72D1D59696F00B984EC /* Chat.pbobjc.m */; settings = {COMPILER_FLAGS = "-fno-objc-arc"; }; };
		CE90C74E1D59696F00B984EC /* Comment.pbobjc.m in Sources */ = {isa = PBXBuildFile; fileRef = CE90C72F1D59696F00B984EC /* Comment.pbobjc.m */; settings = {COMPILER_FLAGS = "-fno-objc-arc"; }; };
		CE90C74F1D59696F00B984EC /* Community.pbobjc.m in Sources */ = {isa = PBXBuildFile; fileRef = CE90C7311D59696F00B984EC /* Community.pbobjc.m */; settings = {COMPILER_FLAGS = "-fno-objc-arc"; }; };
		CE90C7501D59696F00B984EC /* Contact.pbobjc.m in Sources */ = {isa = PBXBuildFile; fileRef = CE90C7331D59696F00B984EC /* Contact.pbobjc.m */; settings = {COMPILER_FLAGS = "-fno-objc-arc"; }; };
		CE90C7511D59696F00B984EC /* Datapublishing.pbobjc.m in Sources */ = {isa = PBXBuildFile; fileRef = CE90C7351D59696F00B984EC /* Datapublishing.pbobjc.m */; settings = {COMPILER_FLAGS = "-fno-objc-arc"; }; };
		CE90C7521D59696F00B984EC /* Login.pbobjc.m in Sources */ = {isa = PBXBuildFile; fileRef = CE90C7371D59696F00B984EC /* Login.pbobjc.m */; settings = {COMPILER_FLAGS = "-fno-objc-arc"; }; };
		CE90C7531D59696F00B984EC /* Netdisk.pbobjc.m in Sources */ = {isa = PBXBuildFile; fileRef = CE90C7391D59696F00B984EC /* Netdisk.pbobjc.m */; settings = {COMPILER_FLAGS = "-fno-objc-arc"; }; };
		CE90C7541D59696F00B984EC /* News.pbobjc.m in Sources */ = {isa = PBXBuildFile; fileRef = CE90C73B1D59696F00B984EC /* News.pbobjc.m */; settings = {COMPILER_FLAGS = "-fno-objc-arc"; }; };
		CE90C7551D59696F00B984EC /* Notification.pbobjc.m in Sources */ = {isa = PBXBuildFile; fileRef = CE90C73D1D59696F00B984EC /* Notification.pbobjc.m */; settings = {COMPILER_FLAGS = "-fno-objc-arc"; }; };
		CE90C7561D59696F00B984EC /* Oss.pbobjc.m in Sources */ = {isa = PBXBuildFile; fileRef = CE90C73F1D59696F00B984EC /* Oss.pbobjc.m */; settings = {COMPILER_FLAGS = "-fno-objc-arc"; }; };
		CE90C7571D59696F00B984EC /* Payment.pbobjc.m in Sources */ = {isa = PBXBuildFile; fileRef = CE90C7411D59696F00B984EC /* Payment.pbobjc.m */; settings = {COMPILER_FLAGS = "-fno-objc-arc"; }; };
		CE90C7581D59696F00B984EC /* Platform.pbobjc.m in Sources */ = {isa = PBXBuildFile; fileRef = CE90C7431D59696F00B984EC /* Platform.pbobjc.m */; settings = {COMPILER_FLAGS = "-fno-objc-arc"; }; };
		CE90C7591D59696F00B984EC /* Result.pbobjc.m in Sources */ = {isa = PBXBuildFile; fileRef = CE90C7451D59696F00B984EC /* Result.pbobjc.m */; settings = {COMPILER_FLAGS = "-fno-objc-arc"; }; };
		CE90C75A1D59696F00B984EC /* Social.pbobjc.m in Sources */ = {isa = PBXBuildFile; fileRef = CE90C7471D59696F00B984EC /* Social.pbobjc.m */; settings = {COMPILER_FLAGS = "-fno-objc-arc"; }; };
		CE90C75B1D59696F00B984EC /* Streaming.pbobjc.m in Sources */ = {isa = PBXBuildFile; fileRef = CE90C7491D59696F00B984EC /* Streaming.pbobjc.m */; settings = {COMPILER_FLAGS = "-fno-objc-arc"; }; };
		CE90C75C1D59696F00B984EC /* Wallet.pbobjc.m in Sources */ = {isa = PBXBuildFile; fileRef = CE90C74B1D59696F00B984EC /* Wallet.pbobjc.m */; settings = {COMPILER_FLAGS = "-fno-objc-arc"; }; };
		CEC73D471D5AA9BB0021F23C /* NetworkManager.swift in Sources */ = {isa = PBXBuildFile; fileRef = CEC73D461D5AA9BB0021F23C /* NetworkManager.swift */; };
		CEC73D4B1D5AAD7C0021F23C /* NetworkManager+Login.swift in Sources */ = {isa = PBXBuildFile; fileRef = CEC73D4A1D5AAD7C0021F23C /* NetworkManager+Login.swift */; };
		CEC73D4E1D5AB10E0021F23C /* Alamofire+MWAdd.swift in Sources */ = {isa = PBXBuildFile; fileRef = CEC73D4D1D5AB10E0021F23C /* Alamofire+MWAdd.swift */; };
/* End PBXBuildFile section */

/* Begin PBXContainerItemProxy section */
		CE90C71B1D59664D00B984EC /* PBXContainerItemProxy */ = {
			isa = PBXContainerItemProxy;
			containerPortal = CE90C6FE1D59664D00B984EC /* Project object */;
			proxyType = 1;
			remoteGlobalIDString = CE90C7051D59664D00B984EC;
			remoteInfo = Redfatty;
		};
/* End PBXContainerItemProxy section */

/* Begin PBXFileReference section */
		ABD24DAE0E7505B8BB1E5F9C /* Pods-Redfatty.release.xcconfig */ = {isa = PBXFileReference; includeInIndex = 1; lastKnownFileType = text.xcconfig; name = "Pods-Redfatty.release.xcconfig"; path = "Pods/Target Support Files/Pods-Redfatty/Pods-Redfatty.release.xcconfig"; sourceTree = "<group>"; };
		C0AAFD0637642AE2F4EC1082 /* Pods_Redfatty.framework */ = {isa = PBXFileReference; explicitFileType = wrapper.framework; includeInIndex = 0; path = Pods_Redfatty.framework; sourceTree = BUILT_PRODUCTS_DIR; };
		CE244E751D5A2766000FF226 /* URLDefine.swift */ = {isa = PBXFileReference; fileEncoding = 4; lastKnownFileType = sourcecode.swift; path = URLDefine.swift; sourceTree = "<group>"; };
		CE3DB4D21D59EB9D007BF218 /* NetworkConst.swift */ = {isa = PBXFileReference; fileEncoding = 4; lastKnownFileType = sourcecode.swift; path = NetworkConst.swift; sourceTree = "<group>"; };
		CE3DB4D81D59F76B007BF218 /* Protobuf+Parse.swift */ = {isa = PBXFileReference; fileEncoding = 4; lastKnownFileType = sourcecode.swift; path = "Protobuf+Parse.swift"; sourceTree = "<group>"; };
		CE6A065D1D5ABB2300D7DD9A /* BaseViewController.swift */ = {isa = PBXFileReference; fileEncoding = 4; lastKnownFileType = sourcecode.swift; path = BaseViewController.swift; sourceTree = "<group>"; };
		CE6A065F1D5ABB3400D7DD9A /* BaseView.swift */ = {isa = PBXFileReference; fileEncoding = 4; lastKnownFileType = sourcecode.swift; path = BaseView.swift; sourceTree = "<group>"; };
		CE6A06611D5ABB5400D7DD9A /* BaseTableViewCell.swift */ = {isa = PBXFileReference; fileEncoding = 4; lastKnownFileType = sourcecode.swift; path = BaseTableViewCell.swift; sourceTree = "<group>"; };
		CE6A06651D5ABB9E00D7DD9A /* WeiboMainViewController.swift */ = {isa = PBXFileReference; fileEncoding = 4; lastKnownFileType = sourcecode.swift; path = WeiboMainViewController.swift; sourceTree = "<group>"; };
		CE6A06671D5ABBAB00D7DD9A /* LoginMainViewController.swift */ = {isa = PBXFileReference; fileEncoding = 4; lastKnownFileType = sourcecode.swift; path = LoginMainViewController.swift; sourceTree = "<group>"; };
		CE90C7061D59664D00B984EC /* Redfatty.app */ = {isa = PBXFileReference; explicitFileType = wrapper.application; includeInIndex = 0; path = Redfatty.app; sourceTree = BUILT_PRODUCTS_DIR; };
		CE90C7091D59664D00B984EC /* AppDelegate.swift */ = {isa = PBXFileReference; lastKnownFileType = sourcecode.swift; path = AppDelegate.swift; sourceTree = "<group>"; };
		CE90C70B1D59664D00B984EC /* ViewController.swift */ = {isa = PBXFileReference; lastKnownFileType = sourcecode.swift; path = ViewController.swift; sourceTree = "<group>"; };
		CE90C70E1D59664D00B984EC /* Base */ = {isa = PBXFileReference; lastKnownFileType = file.storyboard; name = Base; path = Base.lproj/Main.storyboard; sourceTree = "<group>"; };
		CE90C7101D59664D00B984EC /* Assets.xcassets */ = {isa = PBXFileReference; lastKnownFileType = folder.assetcatalog; path = Assets.xcassets; sourceTree = "<group>"; };
		CE90C7131D59664D00B984EC /* Base */ = {isa = PBXFileReference; lastKnownFileType = file.storyboard; name = Base; path = Base.lproj/LaunchScreen.storyboard; sourceTree = "<group>"; };
		CE90C7151D59664D00B984EC /* Info.plist */ = {isa = PBXFileReference; lastKnownFileType = text.plist.xml; path = Info.plist; sourceTree = "<group>"; };
		CE90C71A1D59664D00B984EC /* RedfattyUITests.xctest */ = {isa = PBXFileReference; explicitFileType = wrapper.cfbundle; includeInIndex = 0; path = RedfattyUITests.xctest; sourceTree = BUILT_PRODUCTS_DIR; };
		CE90C71E1D59664D00B984EC /* RedfattyUITests.swift */ = {isa = PBXFileReference; lastKnownFileType = sourcecode.swift; path = RedfattyUITests.swift; sourceTree = "<group>"; };
		CE90C7201D59664D00B984EC /* Info.plist */ = {isa = PBXFileReference; lastKnownFileType = text.plist.xml; path = Info.plist; sourceTree = "<group>"; };
		CE90C72A1D59696F00B984EC /* Account.pbobjc.h */ = {isa = PBXFileReference; fileEncoding = 4; lastKnownFileType = sourcecode.c.h; path = Account.pbobjc.h; sourceTree = "<group>"; };
		CE90C72B1D59696F00B984EC /* Account.pbobjc.m */ = {isa = PBXFileReference; fileEncoding = 4; lastKnownFileType = sourcecode.c.objc; path = Account.pbobjc.m; sourceTree = "<group>"; };
		CE90C72C1D59696F00B984EC /* Chat.pbobjc.h */ = {isa = PBXFileReference; fileEncoding = 4; lastKnownFileType = sourcecode.c.h; path = Chat.pbobjc.h; sourceTree = "<group>"; };
		CE90C72D1D59696F00B984EC /* Chat.pbobjc.m */ = {isa = PBXFileReference; fileEncoding = 4; lastKnownFileType = sourcecode.c.objc; path = Chat.pbobjc.m; sourceTree = "<group>"; };
		CE90C72E1D59696F00B984EC /* Comment.pbobjc.h */ = {isa = PBXFileReference; fileEncoding = 4; lastKnownFileType = sourcecode.c.h; path = Comment.pbobjc.h; sourceTree = "<group>"; };
		CE90C72F1D59696F00B984EC /* Comment.pbobjc.m */ = {isa = PBXFileReference; fileEncoding = 4; lastKnownFileType = sourcecode.c.objc; path = Comment.pbobjc.m; sourceTree = "<group>"; };
		CE90C7301D59696F00B984EC /* Community.pbobjc.h */ = {isa = PBXFileReference; fileEncoding = 4; lastKnownFileType = sourcecode.c.h; path = Community.pbobjc.h; sourceTree = "<group>"; };
		CE90C7311D59696F00B984EC /* Community.pbobjc.m */ = {isa = PBXFileReference; fileEncoding = 4; lastKnownFileType = sourcecode.c.objc; path = Community.pbobjc.m; sourceTree = "<group>"; };
		CE90C7321D59696F00B984EC /* Contact.pbobjc.h */ = {isa = PBXFileReference; fileEncoding = 4; lastKnownFileType = sourcecode.c.h; path = Contact.pbobjc.h; sourceTree = "<group>"; };
		CE90C7331D59696F00B984EC /* Contact.pbobjc.m */ = {isa = PBXFileReference; fileEncoding = 4; lastKnownFileType = sourcecode.c.objc; path = Contact.pbobjc.m; sourceTree = "<group>"; };
		CE90C7341D59696F00B984EC /* Datapublishing.pbobjc.h */ = {isa = PBXFileReference; fileEncoding = 4; lastKnownFileType = sourcecode.c.h; path = Datapublishing.pbobjc.h; sourceTree = "<group>"; };
		CE90C7351D59696F00B984EC /* Datapublishing.pbobjc.m */ = {isa = PBXFileReference; fileEncoding = 4; lastKnownFileType = sourcecode.c.objc; path = Datapublishing.pbobjc.m; sourceTree = "<group>"; };
		CE90C7361D59696F00B984EC /* Login.pbobjc.h */ = {isa = PBXFileReference; fileEncoding = 4; lastKnownFileType = sourcecode.c.h; path = Login.pbobjc.h; sourceTree = "<group>"; };
		CE90C7371D59696F00B984EC /* Login.pbobjc.m */ = {isa = PBXFileReference; fileEncoding = 4; lastKnownFileType = sourcecode.c.objc; path = Login.pbobjc.m; sourceTree = "<group>"; };
		CE90C7381D59696F00B984EC /* Netdisk.pbobjc.h */ = {isa = PBXFileReference; fileEncoding = 4; lastKnownFileType = sourcecode.c.h; path = Netdisk.pbobjc.h; sourceTree = "<group>"; };
		CE90C7391D59696F00B984EC /* Netdisk.pbobjc.m */ = {isa = PBXFileReference; fileEncoding = 4; lastKnownFileType = sourcecode.c.objc; path = Netdisk.pbobjc.m; sourceTree = "<group>"; };
		CE90C73A1D59696F00B984EC /* News.pbobjc.h */ = {isa = PBXFileReference; fileEncoding = 4; lastKnownFileType = sourcecode.c.h; path = News.pbobjc.h; sourceTree = "<group>"; };
		CE90C73B1D59696F00B984EC /* News.pbobjc.m */ = {isa = PBXFileReference; fileEncoding = 4; lastKnownFileType = sourcecode.c.objc; path = News.pbobjc.m; sourceTree = "<group>"; };
		CE90C73C1D59696F00B984EC /* Notification.pbobjc.h */ = {isa = PBXFileReference; fileEncoding = 4; lastKnownFileType = sourcecode.c.h; path = Notification.pbobjc.h; sourceTree = "<group>"; };
		CE90C73D1D59696F00B984EC /* Notification.pbobjc.m */ = {isa = PBXFileReference; fileEncoding = 4; lastKnownFileType = sourcecode.c.objc; path = Notification.pbobjc.m; sourceTree = "<group>"; };
		CE90C73E1D59696F00B984EC /* Oss.pbobjc.h */ = {isa = PBXFileReference; fileEncoding = 4; lastKnownFileType = sourcecode.c.h; path = Oss.pbobjc.h; sourceTree = "<group>"; };
		CE90C73F1D59696F00B984EC /* Oss.pbobjc.m */ = {isa = PBXFileReference; fileEncoding = 4; lastKnownFileType = sourcecode.c.objc; path = Oss.pbobjc.m; sourceTree = "<group>"; };
		CE90C7401D59696F00B984EC /* Payment.pbobjc.h */ = {isa = PBXFileReference; fileEncoding = 4; lastKnownFileType = sourcecode.c.h; path = Payment.pbobjc.h; sourceTree = "<group>"; };
		CE90C7411D59696F00B984EC /* Payment.pbobjc.m */ = {isa = PBXFileReference; fileEncoding = 4; lastKnownFileType = sourcecode.c.objc; path = Payment.pbobjc.m; sourceTree = "<group>"; };
		CE90C7421D59696F00B984EC /* Platform.pbobjc.h */ = {isa = PBXFileReference; fileEncoding = 4; lastKnownFileType = sourcecode.c.h; path = Platform.pbobjc.h; sourceTree = "<group>"; };
		CE90C7431D59696F00B984EC /* Platform.pbobjc.m */ = {isa = PBXFileReference; fileEncoding = 4; lastKnownFileType = sourcecode.c.objc; path = Platform.pbobjc.m; sourceTree = "<group>"; };
		CE90C7441D59696F00B984EC /* Result.pbobjc.h */ = {isa = PBXFileReference; fileEncoding = 4; lastKnownFileType = sourcecode.c.h; path = Result.pbobjc.h; sourceTree = "<group>"; };
		CE90C7451D59696F00B984EC /* Result.pbobjc.m */ = {isa = PBXFileReference; fileEncoding = 4; lastKnownFileType = sourcecode.c.objc; path = Result.pbobjc.m; sourceTree = "<group>"; };
		CE90C7461D59696F00B984EC /* Social.pbobjc.h */ = {isa = PBXFileReference; fileEncoding = 4; lastKnownFileType = sourcecode.c.h; path = Social.pbobjc.h; sourceTree = "<group>"; };
		CE90C7471D59696F00B984EC /* Social.pbobjc.m */ = {isa = PBXFileReference; fileEncoding = 4; lastKnownFileType = sourcecode.c.objc; path = Social.pbobjc.m; sourceTree = "<group>"; };
		CE90C7481D59696F00B984EC /* Streaming.pbobjc.h */ = {isa = PBXFileReference; fileEncoding = 4; lastKnownFileType = sourcecode.c.h; path = Streaming.pbobjc.h; sourceTree = "<group>"; };
		CE90C7491D59696F00B984EC /* Streaming.pbobjc.m */ = {isa = PBXFileReference; fileEncoding = 4; lastKnownFileType = sourcecode.c.objc; path = Streaming.pbobjc.m; sourceTree = "<group>"; };
		CE90C74A1D59696F00B984EC /* Wallet.pbobjc.h */ = {isa = PBXFileReference; fileEncoding = 4; lastKnownFileType = sourcecode.c.h; path = Wallet.pbobjc.h; sourceTree = "<group>"; };
		CE90C74B1D59696F00B984EC /* Wallet.pbobjc.m */ = {isa = PBXFileReference; fileEncoding = 4; lastKnownFileType = sourcecode.c.objc; path = Wallet.pbobjc.m; sourceTree = "<group>"; };
		CE90C75D1D596A8C00B984EC /* BridgeHeader.h */ = {isa = PBXFileReference; lastKnownFileType = sourcecode.c.h; path = BridgeHeader.h; sourceTree = "<group>"; };
		CE90C75E1D596B8300B984EC /* PrefixHeader.pch */ = {isa = PBXFileReference; lastKnownFileType = sourcecode.c.h; path = PrefixHeader.pch; sourceTree = "<group>"; };
		CEC73D461D5AA9BB0021F23C /* NetworkManager.swift */ = {isa = PBXFileReference; fileEncoding = 4; lastKnownFileType = sourcecode.swift; path = NetworkManager.swift; sourceTree = "<group>"; };
		CEC73D4A1D5AAD7C0021F23C /* NetworkManager+Login.swift */ = {isa = PBXFileReference; fileEncoding = 4; lastKnownFileType = sourcecode.swift; path = "NetworkManager+Login.swift"; sourceTree = "<group>"; };
		CEC73D4D1D5AB10E0021F23C /* Alamofire+MWAdd.swift */ = {isa = PBXFileReference; fileEncoding = 4; lastKnownFileType = sourcecode.swift; path = "Alamofire+MWAdd.swift"; sourceTree = "<group>"; };
		F286D64E62B53C4803EB9389 /* Pods-Redfatty.debug.xcconfig */ = {isa = PBXFileReference; includeInIndex = 1; lastKnownFileType = text.xcconfig; name = "Pods-Redfatty.debug.xcconfig"; path = "Pods/Target Support Files/Pods-Redfatty/Pods-Redfatty.debug.xcconfig"; sourceTree = "<group>"; };
/* End PBXFileReference section */

/* Begin PBXFrameworksBuildPhase section */
		CE90C7031D59664D00B984EC /* Frameworks */ = {
			isa = PBXFrameworksBuildPhase;
			buildActionMask = 2147483647;
			files = (
				1CA7373088B0309CE1602129 /* Pods_Redfatty.framework in Frameworks */,
			);
			runOnlyForDeploymentPostprocessing = 0;
		};
		CE90C7171D59664D00B984EC /* Frameworks */ = {
			isa = PBXFrameworksBuildPhase;
			buildActionMask = 2147483647;
			files = (
			);
			runOnlyForDeploymentPostprocessing = 0;
		};
/* End PBXFrameworksBuildPhase section */

/* Begin PBXGroup section */
		93B3F13C889C524AC507AD41 /* Frameworks */ = {
			isa = PBXGroup;
			children = (
				C0AAFD0637642AE2F4EC1082 /* Pods_Redfatty.framework */,
			);
			name = Frameworks;
			sourceTree = "<group>";
		};
		A7434115A684981833D73EAE /* Pods */ = {
			isa = PBXGroup;
			children = (
				F286D64E62B53C4803EB9389 /* Pods-Redfatty.debug.xcconfig */,
				ABD24DAE0E7505B8BB1E5F9C /* Pods-Redfatty.release.xcconfig */,
			);
			name = Pods;
			sourceTree = "<group>";
		};
		CE3DB4D11D59EB54007BF218 /* Network */ = {
			isa = PBXGroup;
			children = (
				CE3DB4D81D59F76B007BF218 /* Protobuf+Parse.swift */,
				CEC73D4D1D5AB10E0021F23C /* Alamofire+MWAdd.swift */,
				CE3DB4D21D59EB9D007BF218 /* NetworkConst.swift */,
				CE244E751D5A2766000FF226 /* URLDefine.swift */,
				CEC73D461D5AA9BB0021F23C /* NetworkManager.swift */,
				CEC73D4A1D5AAD7C0021F23C /* NetworkManager+Login.swift */,
			);
			path = Network;
			sourceTree = "<group>";
		};
		CE6A06591D5ABB0B00D7DD9A /* Base */ = {
			isa = PBXGroup;
			children = (
				CE6A065A1D5ABB0B00D7DD9A /* Cell */,
				CE6A065B1D5ABB0B00D7DD9A /* Controller */,
				CE6A065C1D5ABB0B00D7DD9A /* View */,
			);
			path = Base;
			sourceTree = "<group>";
		};
		CE6A065A1D5ABB0B00D7DD9A /* Cell */ = {
			isa = PBXGroup;
			children = (
				CE6A06611D5ABB5400D7DD9A /* BaseTableViewCell.swift */,
			);
			path = Cell;
			sourceTree = "<group>";
		};
		CE6A065B1D5ABB0B00D7DD9A /* Controller */ = {
			isa = PBXGroup;
			children = (
				CE6A065D1D5ABB2300D7DD9A /* BaseViewController.swift */,
			);
			path = Controller;
			sourceTree = "<group>";
		};
		CE6A065C1D5ABB0B00D7DD9A /* View */ = {
			isa = PBXGroup;
			children = (
				CE6A065F1D5ABB3400D7DD9A /* BaseView.swift */,
			);
			path = View;
			sourceTree = "<group>";
		};
		CE6A06631D5ABB7B00D7DD9A /* Login */ = {
			isa = PBXGroup;
			children = (
				CE6A06671D5ABBAB00D7DD9A /* LoginMainViewController.swift */,
			);
			path = Login;
			sourceTree = "<group>";
		};
		CE6A06641D5ABB8200D7DD9A /* Weibo */ = {
			isa = PBXGroup;
			children = (
				CE6A06651D5ABB9E00D7DD9A /* WeiboMainViewController.swift */,
			);
			path = Weibo;
			sourceTree = "<group>";
		};
		CE90C6FD1D59664D00B984EC = {
			isa = PBXGroup;
			children = (
				CE90C7081D59664D00B984EC /* Redfatty */,
				CE90C71D1D59664D00B984EC /* RedfattyUITests */,
				CE90C7071D59664D00B984EC /* Products */,
				A7434115A684981833D73EAE /* Pods */,
				93B3F13C889C524AC507AD41 /* Frameworks */,
			);
			sourceTree = "<group>";
		};
		CE90C7071D59664D00B984EC /* Products */ = {
			isa = PBXGroup;
			children = (
				CE90C7061D59664D00B984EC /* Redfatty.app */,
				CE90C71A1D59664D00B984EC /* RedfattyUITests.xctest */,
			);
			name = Products;
			sourceTree = "<group>";
		};
		CE90C7081D59664D00B984EC /* Redfatty */ = {
			isa = PBXGroup;
			children = (
				CE6A06591D5ABB0B00D7DD9A /* Base */,
				CE90C7291D59696F00B984EC /* PbModel */,
				CE3DB4D11D59EB54007BF218 /* Network */,
				CE90C7091D59664D00B984EC /* AppDelegate.swift */,
				CE90C70B1D59664D00B984EC /* ViewController.swift */,
				CE90C75D1D596A8C00B984EC /* BridgeHeader.h */,
				CE90C75E1D596B8300B984EC /* PrefixHeader.pch */,
				CE6A06641D5ABB8200D7DD9A /* Weibo */,
				CE6A06631D5ABB7B00D7DD9A /* Login */,
				CE90C70D1D59664D00B984EC /* Main.storyboard */,
				CE90C7101D59664D00B984EC /* Assets.xcassets */,
				CE90C7121D59664D00B984EC /* LaunchScreen.storyboard */,
				CE90C7151D59664D00B984EC /* Info.plist */,
			);
			path = Redfatty;
			sourceTree = "<group>";
		};
		CE90C71D1D59664D00B984EC /* RedfattyUITests */ = {
			isa = PBXGroup;
			children = (
				CE90C71E1D59664D00B984EC /* RedfattyUITests.swift */,
				CE90C7201D59664D00B984EC /* Info.plist */,
			);
			path = RedfattyUITests;
			sourceTree = "<group>";
		};
		CE90C7291D59696F00B984EC /* PbModel */ = {
			isa = PBXGroup;
			children = (
				CE90C72A1D59696F00B984EC /* Account.pbobjc.h */,
				CE90C72B1D59696F00B984EC /* Account.pbobjc.m */,
				CE90C72C1D59696F00B984EC /* Chat.pbobjc.h */,
				CE90C72D1D59696F00B984EC /* Chat.pbobjc.m */,
				CE90C72E1D59696F00B984EC /* Comment.pbobjc.h */,
				CE90C72F1D59696F00B984EC /* Comment.pbobjc.m */,
				CE90C7301D59696F00B984EC /* Community.pbobjc.h */,
				CE90C7311D59696F00B984EC /* Community.pbobjc.m */,
				CE90C7321D59696F00B984EC /* Contact.pbobjc.h */,
				CE90C7331D59696F00B984EC /* Contact.pbobjc.m */,
				CE90C7341D59696F00B984EC /* Datapublishing.pbobjc.h */,
				CE90C7351D59696F00B984EC /* Datapublishing.pbobjc.m */,
				CE90C7361D59696F00B984EC /* Login.pbobjc.h */,
				CE90C7371D59696F00B984EC /* Login.pbobjc.m */,
				CE90C7381D59696F00B984EC /* Netdisk.pbobjc.h */,
				CE90C7391D59696F00B984EC /* Netdisk.pbobjc.m */,
				CE90C73A1D59696F00B984EC /* News.pbobjc.h */,
				CE90C73B1D59696F00B984EC /* News.pbobjc.m */,
				CE90C73C1D59696F00B984EC /* Notification.pbobjc.h */,
				CE90C73D1D59696F00B984EC /* Notification.pbobjc.m */,
				CE90C73E1D59696F00B984EC /* Oss.pbobjc.h */,
				CE90C73F1D59696F00B984EC /* Oss.pbobjc.m */,
				CE90C7401D59696F00B984EC /* Payment.pbobjc.h */,
				CE90C7411D59696F00B984EC /* Payment.pbobjc.m */,
				CE90C7421D59696F00B984EC /* Platform.pbobjc.h */,
				CE90C7431D59696F00B984EC /* Platform.pbobjc.m */,
				CE90C7441D59696F00B984EC /* Result.pbobjc.h */,
				CE90C7451D59696F00B984EC /* Result.pbobjc.m */,
				CE90C7461D59696F00B984EC /* Social.pbobjc.h */,
				CE90C7471D59696F00B984EC /* Social.pbobjc.m */,
				CE90C7481D59696F00B984EC /* Streaming.pbobjc.h */,
				CE90C7491D59696F00B984EC /* Streaming.pbobjc.m */,
				CE90C74A1D59696F00B984EC /* Wallet.pbobjc.h */,
				CE90C74B1D59696F00B984EC /* Wallet.pbobjc.m */,
			);
			path = PbModel;
			sourceTree = "<group>";
		};
/* End PBXGroup section */

/* Begin PBXNativeTarget section */
		CE90C7051D59664D00B984EC /* Redfatty */ = {
			isa = PBXNativeTarget;
			buildConfigurationList = CE90C7231D59664D00B984EC /* Build configuration list for PBXNativeTarget "Redfatty" */;
			buildPhases = (
				125B3AF802C328FA1CBC8242 /* [CP] Check Pods Manifest.lock */,
				CE90C7021D59664D00B984EC /* Sources */,
				CE90C7031D59664D00B984EC /* Frameworks */,
				CE90C7041D59664D00B984EC /* Resources */,
				75CC1ECD85306BB6073D81C7 /* [CP] Embed Pods Frameworks */,
				5035B95EF711193147B837F7 /* [CP] Copy Pods Resources */,
			);
			buildRules = (
			);
			dependencies = (
			);
			name = Redfatty;
			productName = Redfatty;
			productReference = CE90C7061D59664D00B984EC /* Redfatty.app */;
			productType = "com.apple.product-type.application";
		};
		CE90C7191D59664D00B984EC /* RedfattyUITests */ = {
			isa = PBXNativeTarget;
			buildConfigurationList = CE90C7261D59664D00B984EC /* Build configuration list for PBXNativeTarget "RedfattyUITests" */;
			buildPhases = (
				CE90C7161D59664D00B984EC /* Sources */,
				CE90C7171D59664D00B984EC /* Frameworks */,
				CE90C7181D59664D00B984EC /* Resources */,
			);
			buildRules = (
			);
			dependencies = (
				CE90C71C1D59664D00B984EC /* PBXTargetDependency */,
			);
			name = RedfattyUITests;
			productName = RedfattyUITests;
			productReference = CE90C71A1D59664D00B984EC /* RedfattyUITests.xctest */;
			productType = "com.apple.product-type.bundle.ui-testing";
		};
/* End PBXNativeTarget section */

/* Begin PBXProject section */
		CE90C6FE1D59664D00B984EC /* Project object */ = {
			isa = PBXProject;
			attributes = {
				LastSwiftUpdateCheck = 0730;
				LastUpgradeCheck = 0730;
				ORGANIZATIONNAME = miwu;
				TargetAttributes = {
					CE90C7051D59664D00B984EC = {
						CreatedOnToolsVersion = 7.3.1;
					};
					CE90C7191D59664D00B984EC = {
						CreatedOnToolsVersion = 7.3.1;
						TestTargetID = CE90C7051D59664D00B984EC;
					};
				};
			};
			buildConfigurationList = CE90C7011D59664D00B984EC /* Build configuration list for PBXProject "Redfatty" */;
			compatibilityVersion = "Xcode 3.2";
			developmentRegion = English;
			hasScannedForEncodings = 0;
			knownRegions = (
				en,
				Base,
			);
			mainGroup = CE90C6FD1D59664D00B984EC;
			productRefGroup = CE90C7071D59664D00B984EC /* Products */;
			projectDirPath = "";
			projectRoot = "";
			targets = (
				CE90C7051D59664D00B984EC /* Redfatty */,
				CE90C7191D59664D00B984EC /* RedfattyUITests */,
			);
		};
/* End PBXProject section */

/* Begin PBXResourcesBuildPhase section */
		CE90C7041D59664D00B984EC /* Resources */ = {
			isa = PBXResourcesBuildPhase;
			buildActionMask = 2147483647;
			files = (
				CE90C7141D59664D00B984EC /* LaunchScreen.storyboard in Resources */,
				CE90C7111D59664D00B984EC /* Assets.xcassets in Resources */,
				CE90C70F1D59664D00B984EC /* Main.storyboard in Resources */,
			);
			runOnlyForDeploymentPostprocessing = 0;
		};
		CE90C7181D59664D00B984EC /* Resources */ = {
			isa = PBXResourcesBuildPhase;
			buildActionMask = 2147483647;
			files = (
			);
			runOnlyForDeploymentPostprocessing = 0;
		};
/* End PBXResourcesBuildPhase section */

/* Begin PBXShellScriptBuildPhase section */
		125B3AF802C328FA1CBC8242 /* [CP] Check Pods Manifest.lock */ = {
			isa = PBXShellScriptBuildPhase;
			buildActionMask = 2147483647;
			files = (
			);
			inputPaths = (
			);
			name = "[CP] Check Pods Manifest.lock";
			outputPaths = (
			);
			runOnlyForDeploymentPostprocessing = 0;
			shellPath = /bin/sh;
			shellScript = "diff \"${PODS_ROOT}/../Podfile.lock\" \"${PODS_ROOT}/Manifest.lock\" > /dev/null\nif [[ $? != 0 ]] ; then\n    cat << EOM\nerror: The sandbox is not in sync with the Podfile.lock. Run 'pod install' or update your CocoaPods installation.\nEOM\n    exit 1\nfi\n";
			showEnvVarsInLog = 0;
		};
		5035B95EF711193147B837F7 /* [CP] Copy Pods Resources */ = {
			isa = PBXShellScriptBuildPhase;
			buildActionMask = 2147483647;
			files = (
			);
			inputPaths = (
			);
			name = "[CP] Copy Pods Resources";
			outputPaths = (
			);
			runOnlyForDeploymentPostprocessing = 0;
			shellPath = /bin/sh;
			shellScript = "\"${SRCROOT}/Pods/Target Support Files/Pods-Redfatty/Pods-Redfatty-resources.sh\"\n";
			showEnvVarsInLog = 0;
		};
		75CC1ECD85306BB6073D81C7 /* [CP] Embed Pods Frameworks */ = {
			isa = PBXShellScriptBuildPhase;
			buildActionMask = 2147483647;
			files = (
			);
			inputPaths = (
			);
			name = "[CP] Embed Pods Frameworks";
			outputPaths = (
			);
			runOnlyForDeploymentPostprocessing = 0;
			shellPath = /bin/sh;
			shellScript = "\"${SRCROOT}/Pods/Target Support Files/Pods-Redfatty/Pods-Redfatty-frameworks.sh\"\n";
			showEnvVarsInLog = 0;
		};
/* End PBXShellScriptBuildPhase section */

/* Begin PBXSourcesBuildPhase section */
		CE90C7021D59664D00B984EC /* Sources */ = {
			isa = PBXSourcesBuildPhase;
			buildActionMask = 2147483647;
			files = (
				CE244E761D5A2766000FF226 /* URLDefine.swift in Sources */,
				CE6A06661D5ABB9E00D7DD9A /* WeiboMainViewController.swift in Sources */,
				CE90C70C1D59664D00B984EC /* ViewController.swift in Sources */,
				CE90C75B1D59696F00B984EC /* Streaming.pbobjc.m in Sources */,
				CE3DB4D31D59EB9D007BF218 /* NetworkConst.swift in Sources */,
				CE6A06621D5ABB5400D7DD9A /* BaseTableViewCell.swift in Sources */,
				CE90C74E1D59696F00B984EC /* Comment.pbobjc.m in Sources */,
				CE90C7521D59696F00B984EC /* Login.pbobjc.m in Sources */,
				CE6A06601D5ABB3400D7DD9A /* BaseView.swift in Sources */,
				CE3DB4D91D59F76B007BF218 /* Protobuf+Parse.swift in Sources */,
				CE90C75A1D59696F00B984EC /* Social.pbobjc.m in Sources */,
				CE90C7541D59696F00B984EC /* News.pbobjc.m in Sources */,
				CE90C74F1D59696F00B984EC /* Community.pbobjc.m in Sources */,
				CE6A06681D5ABBAB00D7DD9A /* LoginMainViewController.swift in Sources */,
				CE90C74C1D59696F00B984EC /* Account.pbobjc.m in Sources */,
				CE90C75C1D59696F00B984EC /* Wallet.pbobjc.m in Sources */,
				CE90C7501D59696F00B984EC /* Contact.pbobjc.m in Sources */,
				CE6A065E1D5ABB2300D7DD9A /* BaseViewController.swift in Sources */,
				CE90C7591D59696F00B984EC /* Result.pbobjc.m in Sources */,
				CEC73D471D5AA9BB0021F23C /* NetworkManager.swift in Sources */,
				CE90C7571D59696F00B984EC /* Payment.pbobjc.m in Sources */,
				CE90C7581D59696F00B984EC /* Platform.pbobjc.m in Sources */,
				CE90C74D1D59696F00B984EC /* Chat.pbobjc.m in Sources */,
				CE90C7531D59696F00B984EC /* Netdisk.pbobjc.m in Sources */,
				CE90C7551D59696F00B984EC /* Notification.pbobjc.m in Sources */,
				CEC73D4B1D5AAD7C0021F23C /* NetworkManager+Login.swift in Sources */,
				CEC73D4E1D5AB10E0021F23C /* Alamofire+MWAdd.swift in Sources */,
				CE90C70A1D59664D00B984EC /* AppDelegate.swift in Sources */,
				CE90C7511D59696F00B984EC /* Datapublishing.pbobjc.m in Sources */,
				CE90C7561D59696F00B984EC /* Oss.pbobjc.m in Sources */,
			);
			runOnlyForDeploymentPostprocessing = 0;
		};
		CE90C7161D59664D00B984EC /* Sources */ = {
			isa = PBXSourcesBuildPhase;
			buildActionMask = 2147483647;
			files = (
				CE90C71F1D59664D00B984EC /* RedfattyUITests.swift in Sources */,
			);
			runOnlyForDeploymentPostprocessing = 0;
		};
/* End PBXSourcesBuildPhase section */

/* Begin PBXTargetDependency section */
		CE90C71C1D59664D00B984EC /* PBXTargetDependency */ = {
			isa = PBXTargetDependency;
			target = CE90C7051D59664D00B984EC /* Redfatty */;
			targetProxy = CE90C71B1D59664D00B984EC /* PBXContainerItemProxy */;
		};
/* End PBXTargetDependency section */

/* Begin PBXVariantGroup section */
		CE90C70D1D59664D00B984EC /* Main.storyboard */ = {
			isa = PBXVariantGroup;
			children = (
				CE90C70E1D59664D00B984EC /* Base */,
			);
			name = Main.storyboard;
			sourceTree = "<group>";
		};
		CE90C7121D59664D00B984EC /* LaunchScreen.storyboard */ = {
			isa = PBXVariantGroup;
			children = (
				CE90C7131D59664D00B984EC /* Base */,
			);
			name = LaunchScreen.storyboard;
			sourceTree = "<group>";
		};
/* End PBXVariantGroup section */

/* Begin XCBuildConfiguration section */
		CE90C7211D59664D00B984EC /* Debug */ = {
			isa = XCBuildConfiguration;
			buildSettings = {
				ALWAYS_SEARCH_USER_PATHS = NO;
				CLANG_ANALYZER_NONNULL = YES;
				CLANG_CXX_LANGUAGE_STANDARD = "gnu++0x";
				CLANG_CXX_LIBRARY = "libc++";
				CLANG_ENABLE_MODULES = YES;
				CLANG_ENABLE_OBJC_ARC = YES;
				CLANG_WARN_BOOL_CONVERSION = YES;
				CLANG_WARN_CONSTANT_CONVERSION = YES;
				CLANG_WARN_DIRECT_OBJC_ISA_USAGE = YES_ERROR;
				CLANG_WARN_EMPTY_BODY = YES;
				CLANG_WARN_ENUM_CONVERSION = YES;
				CLANG_WARN_INT_CONVERSION = YES;
				CLANG_WARN_OBJC_ROOT_CLASS = YES_ERROR;
				CLANG_WARN_UNREACHABLE_CODE = YES;
				CLANG_WARN__DUPLICATE_METHOD_MATCH = YES;
				"CODE_SIGN_IDENTITY[sdk=iphoneos*]" = "iPhone Developer";
				COPY_PHASE_STRIP = NO;
				DEBUG_INFORMATION_FORMAT = dwarf;
				ENABLE_STRICT_OBJC_MSGSEND = YES;
				ENABLE_TESTABILITY = YES;
				GCC_C_LANGUAGE_STANDARD = gnu99;
				GCC_DYNAMIC_NO_PIC = NO;
				GCC_NO_COMMON_BLOCKS = YES;
				GCC_OPTIMIZATION_LEVEL = 0;
				GCC_PREFIX_HEADER = Redfatty/PrefixHeader.pch;
				GCC_PREPROCESSOR_DEFINITIONS = (
					"DEBUG=1",
					"$(inherited)",
				);
				GCC_WARN_64_TO_32_BIT_CONVERSION = YES;
				GCC_WARN_ABOUT_RETURN_TYPE = YES_ERROR;
				GCC_WARN_UNDECLARED_SELECTOR = YES;
				GCC_WARN_UNINITIALIZED_AUTOS = YES_AGGRESSIVE;
				GCC_WARN_UNUSED_FUNCTION = YES;
				GCC_WARN_UNUSED_VARIABLE = YES;
				IPHONEOS_DEPLOYMENT_TARGET = 9.3;
				MTL_ENABLE_DEBUG_INFO = YES;
				ONLY_ACTIVE_ARCH = YES;
				SDKROOT = iphoneos;
				SWIFT_OBJC_BRIDGING_HEADER = Redfatty/BridgeHeader.h;
				SWIFT_OPTIMIZATION_LEVEL = "-Onone";
				TARGETED_DEVICE_FAMILY = "1,2";
			};
			name = Debug;
		};
		CE90C7221D59664D00B984EC /* Release */ = {
			isa = XCBuildConfiguration;
			buildSettings = {
				ALWAYS_SEARCH_USER_PATHS = NO;
				CLANG_ANALYZER_NONNULL = YES;
				CLANG_CXX_LANGUAGE_STANDARD = "gnu++0x";
				CLANG_CXX_LIBRARY = "libc++";
				CLANG_ENABLE_MODULES = YES;
				CLANG_ENABLE_OBJC_ARC = YES;
				CLANG_WARN_BOOL_CONVERSION = YES;
				CLANG_WARN_CONSTANT_CONVERSION = YES;
				CLANG_WARN_DIRECT_OBJC_ISA_USAGE = YES_ERROR;
				CLANG_WARN_EMPTY_BODY = YES;
				CLANG_WARN_ENUM_CONVERSION = YES;
				CLANG_WARN_INT_CONVERSION = YES;
				CLANG_WARN_OBJC_ROOT_CLASS = YES_ERROR;
				CLANG_WARN_UNREACHABLE_CODE = YES;
				CLANG_WARN__DUPLICATE_METHOD_MATCH = YES;
				"CODE_SIGN_IDENTITY[sdk=iphoneos*]" = "iPhone Developer";
				COPY_PHASE_STRIP = NO;
				DEBUG_INFORMATION_FORMAT = "dwarf-with-dsym";
				ENABLE_NS_ASSERTIONS = NO;
				ENABLE_STRICT_OBJC_MSGSEND = YES;
				GCC_C_LANGUAGE_STANDARD = gnu99;
				GCC_NO_COMMON_BLOCKS = YES;
				GCC_PREFIX_HEADER = Redfatty/PrefixHeader.pch;
				GCC_WARN_64_TO_32_BIT_CONVERSION = YES;
				GCC_WARN_ABOUT_RETURN_TYPE = YES_ERROR;
				GCC_WARN_UNDECLARED_SELECTOR = YES;
				GCC_WARN_UNINITIALIZED_AUTOS = YES_AGGRESSIVE;
				GCC_WARN_UNUSED_FUNCTION = YES;
				GCC_WARN_UNUSED_VARIABLE = YES;
				IPHONEOS_DEPLOYMENT_TARGET = 9.3;
				MTL_ENABLE_DEBUG_INFO = NO;
				SDKROOT = iphoneos;
				SWIFT_OBJC_BRIDGING_HEADER = Redfatty/BridgeHeader.h;
				TARGETED_DEVICE_FAMILY = "1,2";
				VALIDATE_PRODUCT = YES;
			};
			name = Release;
		};
		CE90C7241D59664D00B984EC /* Debug */ = {
			isa = XCBuildConfiguration;
			baseConfigurationReference = F286D64E62B53C4803EB9389 /* Pods-Redfatty.debug.xcconfig */;
			buildSettings = {
				ASSETCATALOG_COMPILER_APPICON_NAME = AppIcon;
				INFOPLIST_FILE = Redfatty/Info.plist;
				LD_RUNPATH_SEARCH_PATHS = "$(inherited) @executable_path/Frameworks";
				PRODUCT_BUNDLE_IDENTIFIER = com.blemobi.Redfatty;
				PRODUCT_NAME = "$(TARGET_NAME)";
			};
			name = Debug;
		};
		CE90C7251D59664D00B984EC /* Release */ = {
			isa = XCBuildConfiguration;
			baseConfigurationReference = ABD24DAE0E7505B8BB1E5F9C /* Pods-Redfatty.release.xcconfig */;
			buildSettings = {
				ASSETCATALOG_COMPILER_APPICON_NAME = AppIcon;
				INFOPLIST_FILE = Redfatty/Info.plist;
				LD_RUNPATH_SEARCH_PATHS = "$(inherited) @executable_path/Frameworks";
				PRODUCT_BUNDLE_IDENTIFIER = com.blemobi.Redfatty;
				PRODUCT_NAME = "$(TARGET_NAME)";
			};
			name = Release;
		};
		CE90C7271D59664D00B984EC /* Debug */ = {
			isa = XCBuildConfiguration;
			buildSettings = {
				INFOPLIST_FILE = RedfattyUITests/Info.plist;
				LD_RUNPATH_SEARCH_PATHS = "$(inherited) @executable_path/Frameworks @loader_path/Frameworks";
				PRODUCT_BUNDLE_IDENTIFIER = com.blemobi.RedfattyUITests;
				PRODUCT_NAME = "$(TARGET_NAME)";
				TEST_TARGET_NAME = Redfatty;
			};
			name = Debug;
		};
		CE90C7281D59664D00B984EC /* Release */ = {
			isa = XCBuildConfiguration;
			buildSettings = {
				INFOPLIST_FILE = RedfattyUITests/Info.plist;
				LD_RUNPATH_SEARCH_PATHS = "$(inherited) @executable_path/Frameworks @loader_path/Frameworks";
				PRODUCT_BUNDLE_IDENTIFIER = com.blemobi.RedfattyUITests;
				PRODUCT_NAME = "$(TARGET_NAME)";
				TEST_TARGET_NAME = Redfatty;
			};
			name = Release;
		};
/* End XCBuildConfiguration section */

/* Begin XCConfigurationList section */
		CE90C7011D59664D00B984EC /* Build configuration list for PBXProject "Redfatty" */ = {
			isa = XCConfigurationList;
			buildConfigurations = (
				CE90C7211D59664D00B984EC /* Debug */,
				CE90C7221D59664D00B984EC /* Release */,
			);
			defaultConfigurationIsVisible = 0;
			defaultConfigurationName = Release;
		};
		CE90C7231D59664D00B984EC /* Build configuration list for PBXNativeTarget "Redfatty" */ = {
			isa = XCConfigurationList;
			buildConfigurations = (
				CE90C7241D59664D00B984EC /* Debug */,
				CE90C7251D59664D00B984EC /* Release */,
			);
			defaultConfigurationIsVisible = 0;
			defaultConfigurationName = Release;
		};
		CE90C7261D59664D00B984EC /* Build configuration list for PBXNativeTarget "RedfattyUITests" */ = {
			isa = XCConfigurationList;
			buildConfigurations = (
				CE90C7271D59664D00B984EC /* Debug */,
				CE90C7281D59664D00B984EC /* Release */,
			);
			defaultConfigurationIsVisible = 0;
			defaultConfigurationName = Release;
		};
/* End XCConfigurationList section */
	};
	rootObject = CE90C6FE1D59664D00B984EC /* Project object */;
}
